
Microsoft Visual Studio Solution File, Format Version 12.00
# Visual Studio Version 17
VisualStudioVersion = 17.10.34916.146
MinimumVisualStudioVersion = 10.0.40219.1
Project("{2150E333-8FDC-42A3-9474-1A3956D46DE8}") = "tests", "tests", "{2D2A9C20-279A-48A1-9505-0FEE9725E9BE}"
EndProject
Project("{2150E333-8FDC-42A3-9474-1A3956D46DE8}") = "Application.Tests", "Application.Tests", "{016B4F68-AB48-4EE4-927E-A37A77C74655}"
EndProject
Project("{2150E333-8FDC-42A3-9474-1A3956D46DE8}") = "Frontend", "Frontend", "{D91D186C-5D2D-4EF1-AD52-398A55D42372}"
EndProject
Project("{2150E333-8FDC-42A3-9474-1A3956D46DE8}") = "public", "public", "{471E0880-E1F3-4892-B7BB-C5CDD343122C}"
EndProject
Project("{2150E333-8FDC-42A3-9474-1A3956D46DE8}") = "src", "src", "{D0A76702-0CA2-4C51-8866-FECA65D9B4B8}"
EndProject
Project("{2150E333-8FDC-42A3-9474-1A3956D46DE8}") = "components", "components", "{E6EE17E5-2121-4E3D-AD10-D50038669D5F}"
EndProject
Project("{2150E333-8FDC-42A3-9474-1A3956D46DE8}") = "services", "services", "{DE54A219-9331-426C-8800-E35387A0F938}"
EndProject
Project("{2150E333-8FDC-42A3-9474-1A3956D46DE8}") = "tests", "tests", "{2826FBAD-FFE0-4226-B932-17D8DC99E2F8}"
EndProject
Project("{9A19103F-16F7-4668-BE54-9A1E7A4F7556}") = "PdfProcessorBackend", "PdfProcessor.Backend\PdfProcessorBackend.csproj", "{E1D3448F-FA1F-4569-8315-614166B0CC48}"
EndProject
Project("{2150E333-8FDC-42A3-9474-1A3956D46DE8}") = "Backend", "Backend", "{FEBDED82-26A6-454A-B14D-5B19963C2015}"
EndProject
Project("{9A19103F-16F7-4668-BE54-9A1E7A4F7556}") = "PdfProcessorTests", "PdfProcessor.Tests\PdfProcessorTests.csproj", "{22D6C51D-9724-4D21-9413-A8BA48AEC4C4}"
EndProject
Project("{FAE04EC0-301F-11D3-BF4B-00C04F79EFBC}") = "teste.teste", "teste\teste.teste.csproj", "{E30EACC8-3B8F-4CF5-8CD8-5E0111135489}"
EndProject
Global
	GlobalSection(SolutionConfigurationPlatforms) = preSolution
		Debug|Any CPU = Debug|Any CPU
		Release|Any CPU = Release|Any CPU
	EndGlobalSection
	GlobalSection(ProjectConfigurationPlatforms) = postSolution
		{E1D3448F-FA1F-4569-8315-614166B0CC48}.Debug|Any CPU.ActiveCfg = Debug|Any CPU
		{E1D3448F-FA1F-4569-8315-614166B0CC48}.Debug|Any CPU.Build.0 = Debug|Any CPU
		{E1D3448F-FA1F-4569-8315-614166B0CC48}.Release|Any CPU.ActiveCfg = Release|Any CPU
		{E1D3448F-FA1F-4569-8315-614166B0CC48}.Release|Any CPU.Build.0 = Release|Any CPU
		{22D6C51D-9724-4D21-9413-A8BA48AEC4C4}.Debug|Any CPU.ActiveCfg = Debug|Any CPU
		{22D6C51D-9724-4D21-9413-A8BA48AEC4C4}.Debug|Any CPU.Build.0 = Debug|Any CPU
		{22D6C51D-9724-4D21-9413-A8BA48AEC4C4}.Release|Any CPU.ActiveCfg = Release|Any CPU
		{22D6C51D-9724-4D21-9413-A8BA48AEC4C4}.Release|Any CPU.Build.0 = Release|Any CPU
		{E30EACC8-3B8F-4CF5-8CD8-5E0111135489}.Debug|Any CPU.ActiveCfg = Debug|Any CPU
		{E30EACC8-3B8F-4CF5-8CD8-5E0111135489}.Debug|Any CPU.Build.0 = Debug|Any CPU
		{E30EACC8-3B8F-4CF5-8CD8-5E0111135489}.Release|Any CPU.ActiveCfg = Release|Any CPU
		{E30EACC8-3B8F-4CF5-8CD8-5E0111135489}.Release|Any CPU.Build.0 = Release|Any CPU
	EndGlobalSection
	GlobalSection(SolutionProperties) = preSolution
		HideSolutionNode = FALSE
	EndGlobalSection
	GlobalSection(NestedProjects) = preSolution
		{016B4F68-AB48-4EE4-927E-A37A77C74655} = {2D2A9C20-279A-48A1-9505-0FEE9725E9BE}
		{471E0880-E1F3-4892-B7BB-C5CDD343122C} = {D91D186C-5D2D-4EF1-AD52-398A55D42372}
		{D0A76702-0CA2-4C51-8866-FECA65D9B4B8} = {D91D186C-5D2D-4EF1-AD52-398A55D42372}
		{E6EE17E5-2121-4E3D-AD10-D50038669D5F} = {D0A76702-0CA2-4C51-8866-FECA65D9B4B8}
		{DE54A219-9331-426C-8800-E35387A0F938} = {D0A76702-0CA2-4C51-8866-FECA65D9B4B8}
		{2826FBAD-FFE0-4226-B932-17D8DC99E2F8} = {D91D186C-5D2D-4EF1-AD52-398A55D42372}
		{E1D3448F-FA1F-4569-8315-614166B0CC48} = {FEBDED82-26A6-454A-B14D-5B19963C2015}
		{22D6C51D-9724-4D21-9413-A8BA48AEC4C4} = {FEBDED82-26A6-454A-B14D-5B19963C2015}
		{E30EACC8-3B8F-4CF5-8CD8-5E0111135489} = {FEBDED82-26A6-454A-B14D-5B19963C2015}
	EndGlobalSection
	GlobalSection(ExtensibilityGlobals) = postSolution
		SolutionGuid = {D5FC19E5-6257-49F4-8C8D-CA3F00DD7A2A}
	EndGlobalSection
EndGlobal
